// !$*UTF8*$!
{
	archiveVersion = 1;
	classes = {
	};
	objectVersion = 55;
	objects = {

/* Begin PBXBuildFile section */
		E269508B28178F760050D789 /* Home.swift in Sources */ = {isa = PBXBuildFile; fileRef = E269508A28178F760050D789 /* Home.swift */; };
		E269508D2818475C0050D789 /* DynamicFilteredView.swift in Sources */ = {isa = PBXBuildFile; fileRef = E269508C2818475C0050D789 /* DynamicFilteredView.swift */; };
		E269508F281859B10050D789 /* NewActivity.swift in Sources */ = {isa = PBXBuildFile; fileRef = E269508E281859B10050D789 /* NewActivity.swift */; };
		E27109762834F81C0066EF50 /* LocalNotification.swift in Sources */ = {isa = PBXBuildFile; fileRef = E27109752834F81B0066EF50 /* LocalNotification.swift */; };
		E27F6A46283624E900610822 /* LaunchScreen.storyboard in Resources */ = {isa = PBXBuildFile; fileRef = E27F6A45283624E900610822 /* LaunchScreen.storyboard */; };
		E28AFC9428170048004B0B0F /* ezitineraryApp.swift in Sources */ = {isa = PBXBuildFile; fileRef = E28AFC9328170048004B0B0F /* ezitineraryApp.swift */; };
		E28AFC9628170048004B0B0F /* ContentView.swift in Sources */ = {isa = PBXBuildFile; fileRef = E28AFC9528170048004B0B0F /* ContentView.swift */; };
		E28AFC982817004A004B0B0F /* Assets.xcassets in Resources */ = {isa = PBXBuildFile; fileRef = E28AFC972817004A004B0B0F /* Assets.xcassets */; };
		E28AFC9B2817004A004B0B0F /* Preview Assets.xcassets in Resources */ = {isa = PBXBuildFile; fileRef = E28AFC9A2817004A004B0B0F /* Preview Assets.xcassets */; };
		E28AFC9D2817004A004B0B0F /* Persistence.swift in Sources */ = {isa = PBXBuildFile; fileRef = E28AFC9C2817004A004B0B0F /* Persistence.swift */; };
		E28AFCA02817004A004B0B0F /* ezitinerary.xcdatamodeld in Sources */ = {isa = PBXBuildFile; fileRef = E28AFC9E2817004A004B0B0F /* ezitinerary.xcdatamodeld */; };
		E28AFCB428170438004B0B0F /* TripActivityViewModel.swift in Sources */ = {isa = PBXBuildFile; fileRef = E28AFCB328170438004B0B0F /* TripActivityViewModel.swift */; };
		E2BE5688282813930006EAAB /* Constant.swift in Sources */ = {isa = PBXBuildFile; fileRef = E2BE5687282813930006EAAB /* Constant.swift */; };
		E2CA568028369FA1005DAADB /* OnBoarding.swift in Sources */ = {isa = PBXBuildFile; fileRef = E2CA567F28369FA1005DAADB /* OnBoarding.swift */; };
		E2CA568328369FCF005DAADB /* BoardingScreen.swift in Sources */ = {isa = PBXBuildFile; fileRef = E2CA568228369FCF005DAADB /* BoardingScreen.swift */; };
		E2CA56852836A0F9005DAADB /* OffsetPageTabView.swift in Sources */ = {isa = PBXBuildFile; fileRef = E2CA56842836A0F9005DAADB /* OffsetPageTabView.swift */; };
/* End PBXBuildFile section */

/* Begin PBXFileReference section */
		E269508A28178F760050D789 /* Home.swift */ = {isa = PBXFileReference; lastKnownFileType = sourcecode.swift; path = Home.swift; sourceTree = "<group>"; };
		E269508C2818475C0050D789 /* DynamicFilteredView.swift */ = {isa = PBXFileReference; lastKnownFileType = sourcecode.swift; path = DynamicFilteredView.swift; sourceTree = "<group>"; };
		E269508E281859B10050D789 /* NewActivity.swift */ = {isa = PBXFileReference; lastKnownFileType = sourcecode.swift; path = NewActivity.swift; sourceTree = "<group>"; };
		E27109752834F81B0066EF50 /* LocalNotification.swift */ = {isa = PBXFileReference; lastKnownFileType = sourcecode.swift; path = LocalNotification.swift; sourceTree = "<group>"; };
		E27F6A45283624E900610822 /* LaunchScreen.storyboard */ = {isa = PBXFileReference; lastKnownFileType = file.storyboard; path = LaunchScreen.storyboard; sourceTree = "<group>"; };
		E28AFC9028170048004B0B0F /* Actiner.app */ = {isa = PBXFileReference; explicitFileType = wrapper.application; includeInIndex = 0; path = Actiner.app; sourceTree = BUILT_PRODUCTS_DIR; };
		E28AFC9328170048004B0B0F /* ezitineraryApp.swift */ = {isa = PBXFileReference; lastKnownFileType = sourcecode.swift; path = ezitineraryApp.swift; sourceTree = "<group>"; };
		E28AFC9528170048004B0B0F /* ContentView.swift */ = {isa = PBXFileReference; lastKnownFileType = sourcecode.swift; path = ContentView.swift; sourceTree = "<group>"; };
		E28AFC972817004A004B0B0F /* Assets.xcassets */ = {isa = PBXFileReference; lastKnownFileType = folder.assetcatalog; path = Assets.xcassets; sourceTree = "<group>"; };
		E28AFC9A2817004A004B0B0F /* Preview Assets.xcassets */ = {isa = PBXFileReference; lastKnownFileType = folder.assetcatalog; path = "Preview Assets.xcassets"; sourceTree = "<group>"; };
		E28AFC9C2817004A004B0B0F /* Persistence.swift */ = {isa = PBXFileReference; lastKnownFileType = sourcecode.swift; path = Persistence.swift; sourceTree = "<group>"; };
		E28AFC9F2817004A004B0B0F /* ezitinerary.xcdatamodel */ = {isa = PBXFileReference; lastKnownFileType = wrapper.xcdatamodel; path = ezitinerary.xcdatamodel; sourceTree = "<group>"; };
		E28AFCB328170438004B0B0F /* TripActivityViewModel.swift */ = {isa = PBXFileReference; lastKnownFileType = sourcecode.swift; path = TripActivityViewModel.swift; sourceTree = "<group>"; };
		E2BE5687282813930006EAAB /* Constant.swift */ = {isa = PBXFileReference; lastKnownFileType = sourcecode.swift; path = Constant.swift; sourceTree = "<group>"; };
		E2CA567F28369FA1005DAADB /* OnBoarding.swift */ = {isa = PBXFileReference; lastKnownFileType = sourcecode.swift; path = OnBoarding.swift; sourceTree = "<group>"; };
		E2CA568228369FCF005DAADB /* BoardingScreen.swift */ = {isa = PBXFileReference; lastKnownFileType = sourcecode.swift; path = BoardingScreen.swift; sourceTree = "<group>"; };
		E2CA56842836A0F9005DAADB /* OffsetPageTabView.swift */ = {isa = PBXFileReference; lastKnownFileType = sourcecode.swift; path = OffsetPageTabView.swift; sourceTree = "<group>"; };
/* End PBXFileReference section */

/* Begin PBXFrameworksBuildPhase section */
		E28AFC8D28170048004B0B0F /* Frameworks */ = {
			isa = PBXFrameworksBuildPhase;
			buildActionMask = 2147483647;
			files = (
			);
			runOnlyForDeploymentPostprocessing = 0;
		};
/* End PBXFrameworksBuildPhase section */

/* Begin PBXGroup section */
		E28AFC8728170048004B0B0F = {
			isa = PBXGroup;
			children = (
				E28AFC9228170048004B0B0F /* Actiner */,
				E28AFC9128170048004B0B0F /* Products */,
			);
			sourceTree = "<group>";
		};
		E28AFC9128170048004B0B0F /* Products */ = {
			isa = PBXGroup;
			children = (
				E28AFC9028170048004B0B0F /* Actiner.app */,
			);
			name = Products;
			sourceTree = "<group>";
		};
		E28AFC9228170048004B0B0F /* Actiner */ = {
			isa = PBXGroup;
			children = (
				E2CA568128369FC1005DAADB /* Model */,
				E2BE5686282813490006EAAB /* shared */,
				E28AFCAC2817019B004B0B0F /* ViewModel */,
				E28AFCA6281700C3004B0B0F /* View */,
				E28AFC9328170048004B0B0F /* ezitineraryApp.swift */,
				E28AFC9528170048004B0B0F /* ContentView.swift */,
				E28AFC972817004A004B0B0F /* Assets.xcassets */,
				E28AFC9C2817004A004B0B0F /* Persistence.swift */,
				E28AFC9E2817004A004B0B0F /* ezitinerary.xcdatamodeld */,
				E28AFC992817004A004B0B0F /* Preview Content */,
			);
			path = Actiner;
			sourceTree = "<group>";
		};
		E28AFC992817004A004B0B0F /* Preview Content */ = {
			isa = PBXGroup;
			children = (
				E28AFC9A2817004A004B0B0F /* Preview Assets.xcassets */,
			);
			path = "Preview Content";
			sourceTree = "<group>";
		};
		E28AFCA6281700C3004B0B0F /* View */ = {
			isa = PBXGroup;
			children = (
				E269508A28178F760050D789 /* Home.swift */,
				E269508C2818475C0050D789 /* DynamicFilteredView.swift */,
				E269508E281859B10050D789 /* NewActivity.swift */,
				E27109752834F81B0066EF50 /* LocalNotification.swift */,
				E27F6A45283624E900610822 /* LaunchScreen.storyboard */,
				E2CA567F28369FA1005DAADB /* OnBoarding.swift */,
				E2CA56842836A0F9005DAADB /* OffsetPageTabView.swift */,
			);
			path = View;
			sourceTree = "<group>";
		};
		E28AFCAC2817019B004B0B0F /* ViewModel */ = {
			isa = PBXGroup;
			children = (
				E28AFCB328170438004B0B0F /* TripActivityViewModel.swift */,
			);
			path = ViewModel;
			sourceTree = "<group>";
		};
		E2BE5686282813490006EAAB /* shared */ = {
			isa = PBXGroup;
			children = (
				E2BE5687282813930006EAAB /* Constant.swift */,
			);
			path = shared;
			sourceTree = "<group>";
		};
		E2CA568128369FC1005DAADB /* Model */ = {
			isa = PBXGroup;
			children = (
				E2CA568228369FCF005DAADB /* BoardingScreen.swift */,
			);
			path = Model;
			sourceTree = "<group>";
		};
/* End PBXGroup section */

/* Begin PBXNativeTarget section */
		E28AFC8F28170048004B0B0F /* Actiner */ = {
			isa = PBXNativeTarget;
			buildConfigurationList = E28AFCA32817004A004B0B0F /* Build configuration list for PBXNativeTarget "Actiner" */;
			buildPhases = (
				E28AFC8C28170048004B0B0F /* Sources */,
				E28AFC8D28170048004B0B0F /* Frameworks */,
				E28AFC8E28170048004B0B0F /* Resources */,
			);
			buildRules = (
			);
			dependencies = (
			);
			name = Actiner;
			productName = ezitinerary;
			productReference = E28AFC9028170048004B0B0F /* Actiner.app */;
			productType = "com.apple.product-type.application";
		};
/* End PBXNativeTarget section */

/* Begin PBXProject section */
		E28AFC8828170048004B0B0F /* Project object */ = {
			isa = PBXProject;
			attributes = {
				BuildIndependentTargetsInParallel = 1;
				LastSwiftUpdateCheck = 1330;
				LastUpgradeCheck = 1330;
				TargetAttributes = {
					E28AFC8F28170048004B0B0F = {
						CreatedOnToolsVersion = 13.3.1;
					};
				};
			};
			buildConfigurationList = E28AFC8B28170048004B0B0F /* Build configuration list for PBXProject "Actiner" */;
			compatibilityVersion = "Xcode 13.0";
			developmentRegion = en;
			hasScannedForEncodings = 0;
			knownRegions = (
				en,
				Base,
			);
			mainGroup = E28AFC8728170048004B0B0F;
			productRefGroup = E28AFC9128170048004B0B0F /* Products */;
			projectDirPath = "";
			projectRoot = "";
			targets = (
				E28AFC8F28170048004B0B0F /* Actiner */,
			);
		};
/* End PBXProject section */

/* Begin PBXResourcesBuildPhase section */
		E28AFC8E28170048004B0B0F /* Resources */ = {
			isa = PBXResourcesBuildPhase;
			buildActionMask = 2147483647;
			files = (
				E27F6A46283624E900610822 /* LaunchScreen.storyboard in Resources */,
				E28AFC9B2817004A004B0B0F /* Preview Assets.xcassets in Resources */,
				E28AFC982817004A004B0B0F /* Assets.xcassets in Resources */,
			);
			runOnlyForDeploymentPostprocessing = 0;
		};
/* End PBXResourcesBuildPhase section */

/* Begin PBXSourcesBuildPhase section */
		E28AFC8C28170048004B0B0F /* Sources */ = {
			isa = PBXSourcesBuildPhase;
			buildActionMask = 2147483647;
			files = (
				E28AFC9D2817004A004B0B0F /* Persistence.swift in Sources */,
				E2CA568328369FCF005DAADB /* BoardingScreen.swift in Sources */,
				E28AFC9628170048004B0B0F /* ContentView.swift in Sources */,
				E2BE5688282813930006EAAB /* Constant.swift in Sources */,
				E28AFCB428170438004B0B0F /* TripActivityViewModel.swift in Sources */,
				E269508F281859B10050D789 /* NewActivity.swift in Sources */,
				E269508D2818475C0050D789 /* DynamicFilteredView.swift in Sources */,
				E28AFCA02817004A004B0B0F /* ezitinerary.xcdatamodeld in Sources */,
				E28AFC9428170048004B0B0F /* ezitineraryApp.swift in Sources */,
				E2CA56852836A0F9005DAADB /* OffsetPageTabView.swift in Sources */,
				E27109762834F81C0066EF50 /* LocalNotification.swift in Sources */,
				E269508B28178F760050D789 /* Home.swift in Sources */,
				E2CA568028369FA1005DAADB /* OnBoarding.swift in Sources */,
			);
			runOnlyForDeploymentPostprocessing = 0;
		};
/* End PBXSourcesBuildPhase section */

/* Begin XCBuildConfiguration section */
		E28AFCA12817004A004B0B0F /* Debug */ = {
			isa = XCBuildConfiguration;
			buildSettings = {
				ALWAYS_SEARCH_USER_PATHS = NO;
				CLANG_ANALYZER_NONNULL = YES;
				CLANG_ANALYZER_NUMBER_OBJECT_CONVERSION = YES_AGGRESSIVE;
				CLANG_CXX_LANGUAGE_STANDARD = "gnu++17";
				CLANG_ENABLE_MODULES = YES;
				CLANG_ENABLE_OBJC_ARC = YES;
				CLANG_ENABLE_OBJC_WEAK = YES;
				CLANG_WARN_BLOCK_CAPTURE_AUTORELEASING = YES;
				CLANG_WARN_BOOL_CONVERSION = YES;
				CLANG_WARN_COMMA = YES;
				CLANG_WARN_CONSTANT_CONVERSION = YES;
				CLANG_WARN_DEPRECATED_OBJC_IMPLEMENTATIONS = YES;
				CLANG_WARN_DIRECT_OBJC_ISA_USAGE = YES_ERROR;
				CLANG_WARN_DOCUMENTATION_COMMENTS = YES;
				CLANG_WARN_EMPTY_BODY = YES;
				CLANG_WARN_ENUM_CONVERSION = YES;
				CLANG_WARN_INFINITE_RECURSION = YES;
				CLANG_WARN_INT_CONVERSION = YES;
				CLANG_WARN_NON_LITERAL_NULL_CONVERSION = YES;
				CLANG_WARN_OBJC_IMPLICIT_RETAIN_SELF = YES;
				CLANG_WARN_OBJC_LITERAL_CONVERSION = YES;
				CLANG_WARN_OBJC_ROOT_CLASS = YES_ERROR;
				CLANG_WARN_QUOTED_INCLUDE_IN_FRAMEWORK_HEADER = YES;
				CLANG_WARN_RANGE_LOOP_ANALYSIS = YES;
				CLANG_WARN_STRICT_PROTOTYPES = YES;
				CLANG_WARN_SUSPICIOUS_MOVE = YES;
				CLANG_WARN_UNGUARDED_AVAILABILITY = YES_AGGRESSIVE;
				CLANG_WARN_UNREACHABLE_CODE = YES;
				CLANG_WARN__DUPLICATE_METHOD_MATCH = YES;
				COPY_PHASE_STRIP = NO;
				DEBUG_INFORMATION_FORMAT = dwarf;
				ENABLE_STRICT_OBJC_MSGSEND = YES;
				ENABLE_TESTABILITY = YES;
				GCC_C_LANGUAGE_STANDARD = gnu11;
				GCC_DYNAMIC_NO_PIC = NO;
				GCC_NO_COMMON_BLOCKS = YES;
				GCC_OPTIMIZATION_LEVEL = 0;
				GCC_PREPROCESSOR_DEFINITIONS = (
					"DEBUG=1",
					"$(inherited)",
				);
				GCC_WARN_64_TO_32_BIT_CONVERSION = YES;
				GCC_WARN_ABOUT_RETURN_TYPE = YES_ERROR;
				GCC_WARN_UNDECLARED_SELECTOR = YES;
				GCC_WARN_UNINITIALIZED_AUTOS = YES_AGGRESSIVE;
				GCC_WARN_UNUSED_FUNCTION = YES;
				GCC_WARN_UNUSED_VARIABLE = YES;
				IPHONEOS_DEPLOYMENT_TARGET = 15.4;
				MTL_ENABLE_DEBUG_INFO = INCLUDE_SOURCE;
				MTL_FAST_MATH = YES;
				ONLY_ACTIVE_ARCH = YES;
				SDKROOT = iphoneos;
				SWIFT_ACTIVE_COMPILATION_CONDITIONS = DEBUG;
				SWIFT_OPTIMIZATION_LEVEL = "-Onone";
			};
			name = Debug;
		};
		E28AFCA22817004A004B0B0F /* Release */ = {
			isa = XCBuildConfiguration;
			buildSettings = {
				ALWAYS_SEARCH_USER_PATHS = NO;
				CLANG_ANALYZER_NONNULL = YES;
				CLANG_ANALYZER_NUMBER_OBJECT_CONVERSION = YES_AGGRESSIVE;
				CLANG_CXX_LANGUAGE_STANDARD = "gnu++17";
				CLANG_ENABLE_MODULES = YES;
				CLANG_ENABLE_OBJC_ARC = YES;
				CLANG_ENABLE_OBJC_WEAK = YES;
				CLANG_WARN_BLOCK_CAPTURE_AUTORELEASING = YES;
				CLANG_WARN_BOOL_CONVERSION = YES;
				CLANG_WARN_COMMA = YES;
				CLANG_WARN_CONSTANT_CONVERSION = YES;
				CLANG_WARN_DEPRECATED_OBJC_IMPLEMENTATIONS = YES;
				CLANG_WARN_DIRECT_OBJC_ISA_USAGE = YES_ERROR;
				CLANG_WARN_DOCUMENTATION_COMMENTS = YES;
				CLANG_WARN_EMPTY_BODY = YES;
				CLANG_WARN_ENUM_CONVERSION = YES;
				CLANG_WARN_INFINITE_RECURSION = YES;
				CLANG_WARN_INT_CONVERSION = YES;
				CLANG_WARN_NON_LITERAL_NULL_CONVERSION = YES;
				CLANG_WARN_OBJC_IMPLICIT_RETAIN_SELF = YES;
				CLANG_WARN_OBJC_LITERAL_CONVERSION = YES;
				CLANG_WARN_OBJC_ROOT_CLASS = YES_ERROR;
				CLANG_WARN_QUOTED_INCLUDE_IN_FRAMEWORK_HEADER = YES;
				CLANG_WARN_RANGE_LOOP_ANALYSIS = YES;
				CLANG_WARN_STRICT_PROTOTYPES = YES;
				CLANG_WARN_SUSPICIOUS_MOVE = YES;
				CLANG_WARN_UNGUARDED_AVAILABILITY = YES_AGGRESSIVE;
				CLANG_WARN_UNREACHABLE_CODE = YES;
				CLANG_WARN__DUPLICATE_METHOD_MATCH = YES;
				COPY_PHASE_STRIP = NO;
				DEBUG_INFORMATION_FORMAT = "dwarf-with-dsym";
				ENABLE_NS_ASSERTIONS = NO;
				ENABLE_STRICT_OBJC_MSGSEND = YES;
				GCC_C_LANGUAGE_STANDARD = gnu11;
				GCC_NO_COMMON_BLOCKS = YES;
				GCC_WARN_64_TO_32_BIT_CONVERSION = YES;
				GCC_WARN_ABOUT_RETURN_TYPE = YES_ERROR;
				GCC_WARN_UNDECLARED_SELECTOR = YES;
				GCC_WARN_UNINITIALIZED_AUTOS = YES_AGGRESSIVE;
				GCC_WARN_UNUSED_FUNCTION = YES;
				GCC_WARN_UNUSED_VARIABLE = YES;
				IPHONEOS_DEPLOYMENT_TARGET = 15.4;
				MTL_ENABLE_DEBUG_INFO = NO;
				MTL_FAST_MATH = YES;
				SDKROOT = iphoneos;
				SWIFT_COMPILATION_MODE = wholemodule;
				SWIFT_OPTIMIZATION_LEVEL = "-O";
				VALIDATE_PRODUCT = YES;
			};
			name = Release;
		};
		E28AFCA42817004A004B0B0F /* Debug */ = {
			isa = XCBuildConfiguration;
			buildSettings = {
				ASSETCATALOG_COMPILER_APPICON_NAME = AppIcon;
				ASSETCATALOG_COMPILER_GLOBAL_ACCENT_COLOR_NAME = AccentColor;
				CODE_SIGN_STYLE = Automatic;
				CURRENT_PROJECT_VERSION = 1;
				DEVELOPMENT_ASSET_PATHS = "\"Actiner/Preview Content\"";
				DEVELOPMENT_TEAM = U644RATPPX;
				ENABLE_PREVIEWS = YES;
				GENERATE_INFOPLIST_FILE = YES;
				INFOPLIST_KEY_UIApplicationSceneManifest_Generation = YES;
				INFOPLIST_KEY_UIApplicationSupportsIndirectInputEvents = YES;
				INFOPLIST_KEY_UILaunchScreen_Generation = YES;
				INFOPLIST_KEY_UILaunchStoryboardName = LaunchScreen;
				INFOPLIST_KEY_UISupportedInterfaceOrientations_iPad = "UIInterfaceOrientationPortrait UIInterfaceOrientationPortraitUpsideDown UIInterfaceOrientationLandscapeLeft UIInterfaceOrientationLandscapeRight";
				INFOPLIST_KEY_UISupportedInterfaceOrientations_iPhone = "UIInterfaceOrientationPortrait UIInterfaceOrientationLandscapeLeft UIInterfaceOrientationLandscapeRight";
				LD_RUNPATH_SEARCH_PATHS = (
					"$(inherited)",
					"@executable_path/Frameworks",
				);
				MARKETING_VERSION = 1.0;
				PRODUCT_BUNDLE_IDENTIFIER = com.fredo.actiner;
				PRODUCT_NAME = Actiner;
				SWIFT_EMIT_LOC_STRINGS = YES;
				SWIFT_VERSION = 5.0;
				TARGETED_DEVICE_FAMILY = "1,2";
			};
			name = Debug;
		};
		E28AFCA52817004A004B0B0F /* Release */ = {
			isa = XCBuildConfiguration;
			buildSettings = {
				ASSETCATALOG_COMPILER_APPICON_NAME = AppIcon;
				ASSETCATALOG_COMPILER_GLOBAL_ACCENT_COLOR_NAME = AccentColor;
				CODE_SIGN_STYLE = Automatic;
				CURRENT_PROJECT_VERSION = 1;
				DEVELOPMENT_ASSET_PATHS = "\"Actiner/Preview Content\"";
				DEVELOPMENT_TEAM = U644RATPPX;
				ENABLE_PREVIEWS = YES;
				GENERATE_INFOPLIST_FILE = YES;
				INFOPLIST_KEY_UIApplicationSceneManifest_Generation = YES;
				INFOPLIST_KEY_UIApplicationSupportsIndirectInputEvents = YES;
				INFOPLIST_KEY_UILaunchScreen_Generation = YES;
				INFOPLIST_KEY_UILaunchStoryboardName = LaunchScreen;
				INFOPLIST_KEY_UISupportedInterfaceOrientations_iPad = "UIInterfaceOrientationPortrait UIInterfaceOrientationPortraitUpsideDown UIInterfaceOrientationLandscapeLeft UIInterfaceOrientationLandscapeRight";
				INFOPLIST_KEY_UISupportedInterfaceOrientations_iPhone = "UIInterfaceOrientationPortrait UIInterfaceOrientationLandscapeLeft UIInterfaceOrientationLandscapeRight";
				LD_RUNPATH_SEARCH_PATHS = (
					"$(inherited)",
					"@executable_path/Frameworks",
				);
				MARKETING_VERSION = 1.0;
				PRODUCT_BUNDLE_IDENTIFIER = com.fredo.actiner;
				PRODUCT_NAME = Actiner;
				SWIFT_EMIT_LOC_STRINGS = YES;
				SWIFT_VERSION = 5.0;
				TARGETED_DEVICE_FAMILY = "1,2";
			};
			name = Release;
		};
/* End XCBuildConfiguration section */

/* Begin XCConfigurationList section */
		E28AFC8B28170048004B0B0F /* Build configuration list for PBXProject "Actiner" */ = {
			isa = XCConfigurationList;
			buildConfigurations = (
				E28AFCA12817004A004B0B0F /* Debug */,
				E28AFCA22817004A004B0B0F /* Release */,
			);
			defaultConfigurationIsVisible = 0;
			defaultConfigurationName = Release;
		};
		E28AFCA32817004A004B0B0F /* Build configuration list for PBXNativeTarget "Actiner" */ = {
			isa = XCConfigurationList;
			buildConfigurations = (
				E28AFCA42817004A004B0B0F /* Debug */,
				E28AFCA52817004A004B0B0F /* Release */,
			);
			defaultConfigurationIsVisible = 0;
			defaultConfigurationName = Release;
		};
/* End XCConfigurationList section */

/* Begin XCVersionGroup section */
		E28AFC9E2817004A004B0B0F /* ezitinerary.xcdatamodeld */ = {
			isa = XCVersionGroup;
			children = (
				E28AFC9F2817004A004B0B0F /* ezitinerary.xcdatamodel */,
			);
			currentVersion = E28AFC9F2817004A004B0B0F /* ezitinerary.xcdatamodel */;
			path = ezitinerary.xcdatamodeld;
			sourceTree = "<group>";
			versionGroupType = wrapper.xcdatamodel;
		};
/* End XCVersionGroup section */
	};
	rootObject = E28AFC8828170048004B0B0F /* Project object */;
}
